
Microsoft Visual Studio Solution File, Format Version 12.00
# Visual Studio Version 17
VisualStudioVersion = 17.9.34616.47
MinimumVisualStudioVersion = 10.0.40219.1
Project("{9A19103F-16F7-4668-BE54-9A1E7A4F7556}") = "lab11", "lab11\lab11.csproj", "{B8BC5A30-5160-47FB-897F-BEC34305A862}"
EndProject
Project("{9A19103F-16F7-4668-BE54-9A1E7A4F7556}") = "Musical Instrument", "Musical Instrument\Musical Instrument.csproj", "{035DF992-DE0D-40C8-8442-9E5CB396A675}"
EndProject
Global
	GlobalSection(SolutionConfigurationPlatforms) = preSolution
		Debug|Any CPU = Debug|Any CPU
		Release|Any CPU = Release|Any CPU
	EndGlobalSection
	GlobalSection(ProjectConfigurationPlatforms) = postSolution
		{B8BC5A30-5160-47FB-897F-BEC34305A862}.Debug|Any CPU.ActiveCfg = Debug|Any CPU
		{B8BC5A30-5160-47FB-897F-BEC34305A862}.Debug|Any CPU.Build.0 = Debug|Any CPU
		{B8BC5A30-5160-47FB-897F-BEC34305A862}.Release|Any CPU.ActiveCfg = Release|Any CPU
		{B8BC5A30-5160-47FB-897F-BEC34305A862}.Release|Any CPU.Build.0 = Release|Any CPU
		{035DF992-DE0D-40C8-8442-9E5CB396A675}.Debug|Any CPU.ActiveCfg = Debug|Any CPU
		{035DF992-DE0D-40C8-8442-9E5CB396A675}.Debug|Any CPU.Build.0 = Debug|Any CPU
		{035DF992-DE0D-40C8-8442-9E5CB396A675}.Release|Any CPU.ActiveCfg = Release|Any CPU
		{035DF992-DE0D-40C8-8442-9E5CB396A675}.Release|Any CPU.Build.0 = Release|Any CPU
	EndGlobalSection
	GlobalSection(SolutionProperties) = preSolution
		HideSolutionNode = FALSE
	EndGlobalSection
	GlobalSection(ExtensibilityGlobals) = postSolution
		SolutionGuid = {133DFBE6-BF77-4EE7-97DA-49A070BC9EFE}
	EndGlobalSection
EndGlobal
